// !$*UTF8*$!
{
	archiveVersion = 1;
	classes = {
	};
	objectVersion = 56;
	objects = {

/* Begin PBXBuildFile section */
		5F283AD629A6E5E4008CB48D /* CircleImage.swift in Sources */ = {isa = PBXBuildFile; fileRef = 5F283AD529A6E5E4008CB48D /* CircleImage.swift */; };
		5F283AD829A6E666008CB48D /* MapView.swift in Sources */ = {isa = PBXBuildFile; fileRef = 5F283AD729A6E666008CB48D /* MapView.swift */; };
		5F37325A29A6EFB2008F6645 /* landmarkData.json in Resources */ = {isa = PBXBuildFile; fileRef = 5F37325929A6EFB2008F6645 /* landmarkData.json */; };
		5F37325C29A6EFF9008F6645 /* Landmarks.swift in Sources */ = {isa = PBXBuildFile; fileRef = 5F37325B29A6EFF9008F6645 /* Landmarks.swift */; };
		5F37325E29A7181B008F6645 /* ModelData.swift in Sources */ = {isa = PBXBuildFile; fileRef = 5F37325D29A7181B008F6645 /* ModelData.swift */; };
		5F37326329A71A41008F6645 /* LandmarkRow.swift in Sources */ = {isa = PBXBuildFile; fileRef = 5F37326229A71A41008F6645 /* LandmarkRow.swift */; };
		5F37326529A71C18008F6645 /* LandmarkList.swift in Sources */ = {isa = PBXBuildFile; fileRef = 5F37326429A71C18008F6645 /* LandmarkList.swift */; };
		5F37326729A71CC6008F6645 /* LandmarkDetail.swift in Sources */ = {isa = PBXBuildFile; fileRef = 5F37326629A71CC6008F6645 /* LandmarkDetail.swift */; };
		5FDC4D1B29A67E170027D49C /* LandmarksApp.swift in Sources */ = {isa = PBXBuildFile; fileRef = 5FDC4D1A29A67E170027D49C /* LandmarksApp.swift */; };
		5FDC4D1D29A67E170027D49C /* ContentView.swift in Sources */ = {isa = PBXBuildFile; fileRef = 5FDC4D1C29A67E170027D49C /* ContentView.swift */; };
		5FDC4D1F29A67E190027D49C /* Assets.xcassets in Resources */ = {isa = PBXBuildFile; fileRef = 5FDC4D1E29A67E190027D49C /* Assets.xcassets */; };
		5FDC4D2229A67E190027D49C /* Preview Assets.xcassets in Resources */ = {isa = PBXBuildFile; fileRef = 5FDC4D2129A67E190027D49C /* Preview Assets.xcassets */; };
/* End PBXBuildFile section */

/* Begin PBXFileReference section */
		5F283AD529A6E5E4008CB48D /* CircleImage.swift */ = {isa = PBXFileReference; lastKnownFileType = sourcecode.swift; path = CircleImage.swift; sourceTree = "<group>"; };
		5F283AD729A6E666008CB48D /* MapView.swift */ = {isa = PBXFileReference; lastKnownFileType = sourcecode.swift; path = MapView.swift; sourceTree = "<group>"; };
		5F37325929A6EFB2008F6645 /* landmarkData.json */ = {isa = PBXFileReference; fileEncoding = 4; lastKnownFileType = text.json; path = landmarkData.json; sourceTree = "<group>"; };
		5F37325B29A6EFF9008F6645 /* Landmarks.swift */ = {isa = PBXFileReference; lastKnownFileType = sourcecode.swift; path = Landmarks.swift; sourceTree = "<group>"; };
		5F37325D29A7181B008F6645 /* ModelData.swift */ = {isa = PBXFileReference; lastKnownFileType = sourcecode.swift; path = ModelData.swift; sourceTree = "<group>"; };
		5F37326229A71A41008F6645 /* LandmarkRow.swift */ = {isa = PBXFileReference; lastKnownFileType = sourcecode.swift; path = LandmarkRow.swift; sourceTree = "<group>"; };
		5F37326429A71C18008F6645 /* LandmarkList.swift */ = {isa = PBXFileReference; lastKnownFileType = sourcecode.swift; path = LandmarkList.swift; sourceTree = "<group>"; };
		5F37326629A71CC6008F6645 /* LandmarkDetail.swift */ = {isa = PBXFileReference; lastKnownFileType = sourcecode.swift; path = LandmarkDetail.swift; sourceTree = "<group>"; };
		5FDC4D1729A67E170027D49C /* Landmarks.app */ = {isa = PBXFileReference; explicitFileType = wrapper.application; includeInIndex = 0; path = Landmarks.app; sourceTree = BUILT_PRODUCTS_DIR; };
		5FDC4D1A29A67E170027D49C /* LandmarksApp.swift */ = {isa = PBXFileReference; lastKnownFileType = sourcecode.swift; path = LandmarksApp.swift; sourceTree = "<group>"; };
		5FDC4D1C29A67E170027D49C /* ContentView.swift */ = {isa = PBXFileReference; lastKnownFileType = sourcecode.swift; path = ContentView.swift; sourceTree = "<group>"; };
		5FDC4D1E29A67E190027D49C /* Assets.xcassets */ = {isa = PBXFileReference; lastKnownFileType = folder.assetcatalog; path = Assets.xcassets; sourceTree = "<group>"; };
		5FDC4D2129A67E190027D49C /* Preview Assets.xcassets */ = {isa = PBXFileReference; lastKnownFileType = folder.assetcatalog; path = "Preview Assets.xcassets"; sourceTree = "<group>"; };
/* End PBXFileReference section */

/* Begin PBXFrameworksBuildPhase section */
		5FDC4D1429A67E170027D49C /* Frameworks */ = {
			isa = PBXFrameworksBuildPhase;
			buildActionMask = 2147483647;
			files = (
			);
			runOnlyForDeploymentPostprocessing = 0;
		};
/* End PBXFrameworksBuildPhase section */

/* Begin PBXGroup section */
		5F37325F29A71997008F6645 /* Views */ = {
			isa = PBXGroup;
			children = (
				5FDC4D1C29A67E170027D49C /* ContentView.swift */,
				5F283AD529A6E5E4008CB48D /* CircleImage.swift */,
				5F283AD729A6E666008CB48D /* MapView.swift */,
				5F37326229A71A41008F6645 /* LandmarkRow.swift */,
				5F37326429A71C18008F6645 /* LandmarkList.swift */,
				5F37326629A71CC6008F6645 /* LandmarkDetail.swift */,
			);
			path = Views;
			sourceTree = "<group>";
		};
		5F37326029A719B0008F6645 /* Resources */ = {
			isa = PBXGroup;
			children = (
				5F37325929A6EFB2008F6645 /* landmarkData.json */,
			);
			path = Resources;
			sourceTree = "<group>";
		};
		5F37326129A719C4008F6645 /* Model */ = {
			isa = PBXGroup;
			children = (
				5F37325B29A6EFF9008F6645 /* Landmarks.swift */,
				5F37325D29A7181B008F6645 /* ModelData.swift */,
			);
			path = Model;
			sourceTree = "<group>";
		};
		5FDC4D0E29A67E170027D49C = {
			isa = PBXGroup;
			children = (
				5FDC4D1929A67E170027D49C /* Landmarks */,
				5FDC4D1829A67E170027D49C /* Products */,
			);
			sourceTree = "<group>";
		};
		5FDC4D1829A67E170027D49C /* Products */ = {
			isa = PBXGroup;
			children = (
				5FDC4D1729A67E170027D49C /* Landmarks.app */,
			);
			name = Products;
			sourceTree = "<group>";
		};
		5FDC4D1929A67E170027D49C /* Landmarks */ = {
			isa = PBXGroup;
			children = (
				5FDC4D1A29A67E170027D49C /* LandmarksApp.swift */,
				5F37325F29A71997008F6645 /* Views */,
				5F37326029A719B0008F6645 /* Resources */,
				5FDC4D2029A67E190027D49C /* Preview Content */,
				5F37326129A719C4008F6645 /* Model */,
				5FDC4D1E29A67E190027D49C /* Assets.xcassets */,
			);
			path = Landmarks;
			sourceTree = "<group>";
		};
		5FDC4D2029A67E190027D49C /* Preview Content */ = {
			isa = PBXGroup;
			children = (
				5FDC4D2129A67E190027D49C /* Preview Assets.xcassets */,
			);
			path = "Preview Content";
			sourceTree = "<group>";
		};
/* End PBXGroup section */

/* Begin PBXNativeTarget section */
		5FDC4D1629A67E170027D49C /* Landmarks */ = {
			isa = PBXNativeTarget;
			buildConfigurationList = 5FDC4D2529A67E190027D49C /* Build configuration list for PBXNativeTarget "Landmarks" */;
			buildPhases = (
				5FDC4D1329A67E170027D49C /* Sources */,
				5FDC4D1429A67E170027D49C /* Frameworks */,
				5FDC4D1529A67E170027D49C /* Resources */,
			);
			buildRules = (
			);
			dependencies = (
			);
			name = Landmarks;
			productName = Landmarks;
			productReference = 5FDC4D1729A67E170027D49C /* Landmarks.app */;
			productType = "com.apple.product-type.application";
		};
/* End PBXNativeTarget section */

/* Begin PBXProject section */
		5FDC4D0F29A67E170027D49C /* Project object */ = {
			isa = PBXProject;
			attributes = {
				BuildIndependentTargetsInParallel = 1;
				LastSwiftUpdateCheck = 1420;
				LastUpgradeCheck = 1420;
				TargetAttributes = {
					5FDC4D1629A67E170027D49C = {
						CreatedOnToolsVersion = 14.2;
					};
				};
			};
			buildConfigurationList = 5FDC4D1229A67E170027D49C /* Build configuration list for PBXProject "Landmarks" */;
			compatibilityVersion = "Xcode 14.0";
			developmentRegion = en;
			hasScannedForEncodings = 0;
			knownRegions = (
				en,
				Base,
			);
			mainGroup = 5FDC4D0E29A67E170027D49C;
			productRefGroup = 5FDC4D1829A67E170027D49C /* Products */;
			projectDirPath = "";
			projectRoot = "";
			targets = (
				5FDC4D1629A67E170027D49C /* Landmarks */,
			);
		};
/* End PBXProject section */

/* Begin PBXResourcesBuildPhase section */
		5FDC4D1529A67E170027D49C /* Resources */ = {
			isa = PBXResourcesBuildPhase;
			buildActionMask = 2147483647;
			files = (
				5FDC4D2229A67E190027D49C /* Preview Assets.xcassets in Resources */,
				5FDC4D1F29A67E190027D49C /* Assets.xcassets in Resources */,
				5F37325A29A6EFB2008F6645 /* landmarkData.json in Resources */,
			);
			runOnlyForDeploymentPostprocessing = 0;
		};
/* End PBXResourcesBuildPhase section */

/* Begin PBXSourcesBuildPhase section */
		5FDC4D1329A67E170027D49C /* Sources */ = {
			isa = PBXSourcesBuildPhase;
			buildActionMask = 2147483647;
			files = (
				5FDC4D1D29A67E170027D49C /* ContentView.swift in Sources */,
				5F283AD829A6E666008CB48D /* MapView.swift in Sources */,
				5FDC4D1B29A67E170027D49C /* LandmarksApp.swift in Sources */,
				5F37326529A71C18008F6645 /* LandmarkList.swift in Sources */,
				5F37326729A71CC6008F6645 /* LandmarkDetail.swift in Sources */,
				5F37325C29A6EFF9008F6645 /* Landmarks.swift in Sources */,
				5F283AD629A6E5E4008CB48D /* CircleImage.swift in Sources */,
				5F37326329A71A41008F6645 /* LandmarkRow.swift in Sources */,
				5F37325E29A7181B008F6645 /* ModelData.swift in Sources */,
			);
			runOnlyForDeploymentPostprocessing = 0;
		};
/* End PBXSourcesBuildPhase section */

/* Begin XCBuildConfiguration section */
		5FDC4D2329A67E190027D49C /* Debug */ = {
			isa = XCBuildConfiguration;
			buildSettings = {
				ALWAYS_SEARCH_USER_PATHS = NO;
				CLANG_ANALYZER_NONNULL = YES;
				CLANG_ANALYZER_NUMBER_OBJECT_CONVERSION = YES_AGGRESSIVE;
				CLANG_CXX_LANGUAGE_STANDARD = "gnu++20";
				CLANG_ENABLE_MODULES = YES;
				CLANG_ENABLE_OBJC_ARC = YES;
				CLANG_ENABLE_OBJC_WEAK = YES;
				CLANG_WARN_BLOCK_CAPTURE_AUTORELEASING = YES;
				CLANG_WARN_BOOL_CONVERSION = YES;
				CLANG_WARN_COMMA = YES;
				CLANG_WARN_CONSTANT_CONVERSION = YES;
				CLANG_WARN_DEPRECATED_OBJC_IMPLEMENTATIONS = YES;
				CLANG_WARN_DIRECT_OBJC_ISA_USAGE = YES_ERROR;
				CLANG_WARN_DOCUMENTATION_COMMENTS = YES;
				CLANG_WARN_EMPTY_BODY = YES;
				CLANG_WARN_ENUM_CONVERSION = YES;
				CLANG_WARN_INFINITE_RECURSION = YES;
				CLANG_WARN_INT_CONVERSION = YES;
				CLANG_WARN_NON_LITERAL_NULL_CONVERSION = YES;
				CLANG_WARN_OBJC_IMPLICIT_RETAIN_SELF = YES;
				CLANG_WARN_OBJC_LITERAL_CONVERSION = YES;
				CLANG_WARN_OBJC_ROOT_CLASS = YES_ERROR;
				CLANG_WARN_QUOTED_INCLUDE_IN_FRAMEWORK_HEADER = YES;
				CLANG_WARN_RANGE_LOOP_ANALYSIS = YES;
				CLANG_WARN_STRICT_PROTOTYPES = YES;
				CLANG_WARN_SUSPICIOUS_MOVE = YES;
				CLANG_WARN_UNGUARDED_AVAILABILITY = YES_AGGRESSIVE;
				CLANG_WARN_UNREACHABLE_CODE = YES;
				CLANG_WARN__DUPLICATE_METHOD_MATCH = YES;
				COPY_PHASE_STRIP = NO;
				DEBUG_INFORMATION_FORMAT = dwarf;
				ENABLE_STRICT_OBJC_MSGSEND = YES;
				ENABLE_TESTABILITY = YES;
				GCC_C_LANGUAGE_STANDARD = gnu11;
				GCC_DYNAMIC_NO_PIC = NO;
				GCC_NO_COMMON_BLOCKS = YES;
				GCC_OPTIMIZATION_LEVEL = 0;
				GCC_PREPROCESSOR_DEFINITIONS = (
					"DEBUG=1",
					"$(inherited)",
				);
				GCC_WARN_64_TO_32_BIT_CONVERSION = YES;
				GCC_WARN_ABOUT_RETURN_TYPE = YES_ERROR;
				GCC_WARN_UNDECLARED_SELECTOR = YES;
				GCC_WARN_UNINITIALIZED_AUTOS = YES_AGGRESSIVE;
				GCC_WARN_UNUSED_FUNCTION = YES;
				GCC_WARN_UNUSED_VARIABLE = YES;
				IPHONEOS_DEPLOYMENT_TARGET = 16.2;
				MTL_ENABLE_DEBUG_INFO = INCLUDE_SOURCE;
				MTL_FAST_MATH = YES;
				ONLY_ACTIVE_ARCH = YES;
				SDKROOT = iphoneos;
				SWIFT_ACTIVE_COMPILATION_CONDITIONS = DEBUG;
				SWIFT_OPTIMIZATION_LEVEL = "-Onone";
			};
			name = Debug;
		};
		5FDC4D2429A67E190027D49C /* Release */ = {
			isa = XCBuildConfiguration;
			buildSettings = {
				ALWAYS_SEARCH_USER_PATHS = NO;
				CLANG_ANALYZER_NONNULL = YES;
				CLANG_ANALYZER_NUMBER_OBJECT_CONVERSION = YES_AGGRESSIVE;
				CLANG_CXX_LANGUAGE_STANDARD = "gnu++20";
				CLANG_ENABLE_MODULES = YES;
				CLANG_ENABLE_OBJC_ARC = YES;
				CLANG_ENABLE_OBJC_WEAK = YES;
				CLANG_WARN_BLOCK_CAPTURE_AUTORELEASING = YES;
				CLANG_WARN_BOOL_CONVERSION = YES;
				CLANG_WARN_COMMA = YES;
				CLANG_WARN_CONSTANT_CONVERSION = YES;
				CLANG_WARN_DEPRECATED_OBJC_IMPLEMENTATIONS = YES;
				CLANG_WARN_DIRECT_OBJC_ISA_USAGE = YES_ERROR;
				CLANG_WARN_DOCUMENTATION_COMMENTS = YES;
				CLANG_WARN_EMPTY_BODY = YES;
				CLANG_WARN_ENUM_CONVERSION = YES;
				CLANG_WARN_INFINITE_RECURSION = YES;
				CLANG_WARN_INT_CONVERSION = YES;
				CLANG_WARN_NON_LITERAL_NULL_CONVERSION = YES;
				CLANG_WARN_OBJC_IMPLICIT_RETAIN_SELF = YES;
				CLANG_WARN_OBJC_LITERAL_CONVERSION = YES;
				CLANG_WARN_OBJC_ROOT_CLASS = YES_ERROR;
				CLANG_WARN_QUOTED_INCLUDE_IN_FRAMEWORK_HEADER = YES;
				CLANG_WARN_RANGE_LOOP_ANALYSIS = YES;
				CLANG_WARN_STRICT_PROTOTYPES = YES;
				CLANG_WARN_SUSPICIOUS_MOVE = YES;
				CLANG_WARN_UNGUARDED_AVAILABILITY = YES_AGGRESSIVE;
				CLANG_WARN_UNREACHABLE_CODE = YES;
				CLANG_WARN__DUPLICATE_METHOD_MATCH = YES;
				COPY_PHASE_STRIP = NO;
				DEBUG_INFORMATION_FORMAT = "dwarf-with-dsym";
				ENABLE_NS_ASSERTIONS = NO;
				ENABLE_STRICT_OBJC_MSGSEND = YES;
				GCC_C_LANGUAGE_STANDARD = gnu11;
				GCC_NO_COMMON_BLOCKS = YES;
				GCC_WARN_64_TO_32_BIT_CONVERSION = YES;
				GCC_WARN_ABOUT_RETURN_TYPE = YES_ERROR;
				GCC_WARN_UNDECLARED_SELECTOR = YES;
				GCC_WARN_UNINITIALIZED_AUTOS = YES_AGGRESSIVE;
				GCC_WARN_UNUSED_FUNCTION = YES;
				GCC_WARN_UNUSED_VARIABLE = YES;
				IPHONEOS_DEPLOYMENT_TARGET = 16.2;
				MTL_ENABLE_DEBUG_INFO = NO;
				MTL_FAST_MATH = YES;
				SDKROOT = iphoneos;
				SWIFT_COMPILATION_MODE = wholemodule;
				SWIFT_OPTIMIZATION_LEVEL = "-O";
				VALIDATE_PRODUCT = YES;
			};
			name = Release;
		};
		5FDC4D2629A67E190027D49C /* Debug */ = {
			isa = XCBuildConfiguration;
			buildSettings = {
				ASSETCATALOG_COMPILER_APPICON_NAME = AppIcon;
				ASSETCATALOG_COMPILER_GLOBAL_ACCENT_COLOR_NAME = AccentColor;
				CODE_SIGN_STYLE = Automatic;
				CURRENT_PROJECT_VERSION = 1;
				DEVELOPMENT_ASSET_PATHS = "\"Landmarks/Preview Content\"";
				DEVELOPMENT_TEAM = 62UDE67F8J;
				ENABLE_PREVIEWS = YES;
				GENERATE_INFOPLIST_FILE = YES;
				INFOPLIST_KEY_UIApplicationSceneManifest_Generation = YES;
				INFOPLIST_KEY_UIApplicationSupportsIndirectInputEvents = YES;
				INFOPLIST_KEY_UILaunchScreen_Generation = YES;
				INFOPLIST_KEY_UISupportedInterfaceOrientations_iPad = "UIInterfaceOrientationPortrait UIInterfaceOrientationPortraitUpsideDown UIInterfaceOrientationLandscapeLeft UIInterfaceOrientationLandscapeRight";
				INFOPLIST_KEY_UISupportedInterfaceOrientations_iPhone = "UIInterfaceOrientationPortrait UIInterfaceOrientationLandscapeLeft UIInterfaceOrientationLandscapeRight";
				LD_RUNPATH_SEARCH_PATHS = (
					"$(inherited)",
					"@executable_path/Frameworks",
				);
				MARKETING_VERSION = 1.0;
				PRODUCT_BUNDLE_IDENTIFIER = Vamos.Landmarks;
				PRODUCT_NAME = "$(TARGET_NAME)";
				SWIFT_EMIT_LOC_STRINGS = YES;
				SWIFT_VERSION = 5.0;
				TARGETED_DEVICE_FAMILY = "1,2";
			};
			name = Debug;
		};
		5FDC4D2729A67E190027D49C /* Release */ = {
			isa = XCBuildConfiguration;
			buildSettings = {
				ASSETCATALOG_COMPILER_APPICON_NAME = AppIcon;
				ASSETCATALOG_COMPILER_GLOBAL_ACCENT_COLOR_NAME = AccentColor;
				CODE_SIGN_STYLE = Automatic;
				CURRENT_PROJECT_VERSION = 1;
				DEVELOPMENT_ASSET_PATHS = "\"Landmarks/Preview Content\"";
				DEVELOPMENT_TEAM = 62UDE67F8J;
				ENABLE_PREVIEWS = YES;
				GENERATE_INFOPLIST_FILE = YES;
				INFOPLIST_KEY_UIApplicationSceneManifest_Generation = YES;
				INFOPLIST_KEY_UIApplicationSupportsIndirectInputEvents = YES;
				INFOPLIST_KEY_UILaunchScreen_Generation = YES;
				INFOPLIST_KEY_UISupportedInterfaceOrientations_iPad = "UIInterfaceOrientationPortrait UIInterfaceOrientationPortraitUpsideDown UIInterfaceOrientationLandscapeLeft UIInterfaceOrientationLandscapeRight";
				INFOPLIST_KEY_UISupportedInterfaceOrientations_iPhone = "UIInterfaceOrientationPortrait UIInterfaceOrientationLandscapeLeft UIInterfaceOrientationLandscapeRight";
				LD_RUNPATH_SEARCH_PATHS = (
					"$(inherited)",
					"@executable_path/Frameworks",
				);
				MARKETING_VERSION = 1.0;
				PRODUCT_BUNDLE_IDENTIFIER = Vamos.Landmarks;
				PRODUCT_NAME = "$(TARGET_NAME)";
				SWIFT_EMIT_LOC_STRINGS = YES;
				SWIFT_VERSION = 5.0;
				TARGETED_DEVICE_FAMILY = "1,2";
			};
			name = Release;
		};
/* End XCBuildConfiguration section */

/* Begin XCConfigurationList section */
		5FDC4D1229A67E170027D49C /* Build configuration list for PBXProject "Landmarks" */ = {
			isa = XCConfigurationList;
			buildConfigurations = (
				5FDC4D2329A67E190027D49C /* Debug */,
				5FDC4D2429A67E190027D49C /* Release */,
			);
			defaultConfigurationIsVisible = 0;
			defaultConfigurationName = Release;
		};
		5FDC4D2529A67E190027D49C /* Build configuration list for PBXNativeTarget "Landmarks" */ = {
			isa = XCConfigurationList;
			buildConfigurations = (
				5FDC4D2629A67E190027D49C /* Debug */,
				5FDC4D2729A67E190027D49C /* Release */,
			);
			defaultConfigurationIsVisible = 0;
			defaultConfigurationName = Release;
		};
/* End XCConfigurationList section */
	};
	rootObject = 5FDC4D0F29A67E170027D49C /* Project object */;
}
